
Microsoft Visual Studio Solution File, Format Version 12.00
# Visual Studio 15
VisualStudioVersion = 15.0.28010.2016
MinimumVisualStudioVersion = 10.0.40219.1
Project("{FAE04EC0-301F-11D3-BF4B-00C04F79EFBC}") = "BitcoinTransaction", "BitcoinTransaction\BitcoinTransaction.csproj", "{EC2FD608-5386-4018-9FDA-F78B7E9108FC}"
EndProject
Global
	GlobalSection(SolutionConfigurationPlatforms) = preSolution
		Debug|Any CPU = Debug|Any CPU
		Release|Any CPU = Release|Any CPU
	EndGlobalSection
	GlobalSection(ProjectConfigurationPlatforms) = postSolution
		{EC2FD608-5386-4018-9FDA-F78B7E9108FC}.Debug|Any CPU.ActiveCfg = Debug|Any CPU
		{EC2FD608-5386-4018-9FDA-F78B7E9108FC}.Debug|Any CPU.Build.0 = Debug|Any CPU
		{EC2FD608-5386-4018-9FDA-F78B7E9108FC}.Release|Any CPU.ActiveCfg = Release|Any CPU
		{EC2FD608-5386-4018-9FDA-F78B7E9108FC}.Release|Any CPU.Build.0 = Release|Any CPU
	EndGlobalSection
	GlobalSection(SolutionProperties) = preSolution
		HideSolutionNode = FALSE
	EndGlobalSection
	GlobalSection(ExtensibilityGlobals) = postSolution
		SolutionGuid = {57E7DABA-C932-47D6-8021-DF9391B93C03}
	EndGlobalSection
EndGlobal
